
Microsoft Visual Studio Solution File, Format Version 11.00
# Visual C# Express 2010
Project("{FAE04EC0-301F-11D3-BF4B-00C04F79EFBC}") = "OpenSALib3", "OpenSALib3\OpenSALib3.csproj", "{F311A879-8B59-4C07-95EF-4E9DD0AA9577}"
EndProject
Project("{FAE04EC0-301F-11D3-BF4B-00C04F79EFBC}") = "Tabuu", "Tabuu\Tabuu.csproj", "{26C0A54A-8C16-426B-9AA0-D1ACB7E3AE2A}"
EndProject
Project("{FAE04EC0-301F-11D3-BF4B-00C04F79EFBC}") = "Be.Windows.Forms.HexBox", "Be.Windows.Forms\Be.Windows.Forms.HexBox.csproj", "{26C5F25F-B450-4CAF-AD8B-B8D11AE73457}"
EndProject
Project("{FAE04EC0-301F-11D3-BF4B-00C04F79EFBC}") = "GeckoLib", "GeckoLib\GeckoLib.csproj", "{73196D71-36C6-4CDD-B07A-D4689C12BCB8}"
EndProject
Global
	GlobalSection(SolutionConfigurationPlatforms) = preSolution
		Debug|Any CPU = Debug|Any CPU
		Debug|Mixed Platforms = Debug|Mixed Platforms
		Debug|x86 = Debug|x86
		Release|Any CPU = Release|Any CPU
		Release|Mixed Platforms = Release|Mixed Platforms
		Release|x86 = Release|x86
	EndGlobalSection
	GlobalSection(ProjectConfigurationPlatforms) = postSolution
		{F311A879-8B59-4C07-95EF-4E9DD0AA9577}.Debug|Any CPU.ActiveCfg = Debug|Any CPU
		{F311A879-8B59-4C07-95EF-4E9DD0AA9577}.Debug|Any CPU.Build.0 = Debug|Any CPU
		{F311A879-8B59-4C07-95EF-4E9DD0AA9577}.Debug|Mixed Platforms.ActiveCfg = Debug|Any CPU
		{F311A879-8B59-4C07-95EF-4E9DD0AA9577}.Debug|Mixed Platforms.Build.0 = Debug|Any CPU
		{F311A879-8B59-4C07-95EF-4E9DD0AA9577}.Debug|x86.ActiveCfg = Debug|Any CPU
		{F311A879-8B59-4C07-95EF-4E9DD0AA9577}.Release|Any CPU.ActiveCfg = Release|Any CPU
		{F311A879-8B59-4C07-95EF-4E9DD0AA9577}.Release|Any CPU.Build.0 = Release|Any CPU
		{F311A879-8B59-4C07-95EF-4E9DD0AA9577}.Release|Mixed Platforms.ActiveCfg = Release|Any CPU
		{F311A879-8B59-4C07-95EF-4E9DD0AA9577}.Release|Mixed Platforms.Build.0 = Release|Any CPU
		{F311A879-8B59-4C07-95EF-4E9DD0AA9577}.Release|x86.ActiveCfg = Release|Any CPU
		{26C0A54A-8C16-426B-9AA0-D1ACB7E3AE2A}.Debug|Any CPU.ActiveCfg = Debug|x86
		{26C0A54A-8C16-426B-9AA0-D1ACB7E3AE2A}.Debug|Mixed Platforms.ActiveCfg = Debug|x86
		{26C0A54A-8C16-426B-9AA0-D1ACB7E3AE2A}.Debug|Mixed Platforms.Build.0 = Debug|x86
		{26C0A54A-8C16-426B-9AA0-D1ACB7E3AE2A}.Debug|x86.ActiveCfg = Debug|x86
		{26C0A54A-8C16-426B-9AA0-D1ACB7E3AE2A}.Debug|x86.Build.0 = Debug|x86
		{26C0A54A-8C16-426B-9AA0-D1ACB7E3AE2A}.Release|Any CPU.ActiveCfg = Release|x86
		{26C0A54A-8C16-426B-9AA0-D1ACB7E3AE2A}.Release|Mixed Platforms.ActiveCfg = Release|x86
		{26C0A54A-8C16-426B-9AA0-D1ACB7E3AE2A}.Release|Mixed Platforms.Build.0 = Release|x86
		{26C0A54A-8C16-426B-9AA0-D1ACB7E3AE2A}.Release|x86.ActiveCfg = Release|x86
		{26C0A54A-8C16-426B-9AA0-D1ACB7E3AE2A}.Release|x86.Build.0 = Release|x86
		{26C5F25F-B450-4CAF-AD8B-B8D11AE73457}.Debug|Any CPU.ActiveCfg = Debug|Any CPU
		{26C5F25F-B450-4CAF-AD8B-B8D11AE73457}.Debug|Any CPU.Build.0 = Debug|Any CPU
		{26C5F25F-B450-4CAF-AD8B-B8D11AE73457}.Debug|Mixed Platforms.ActiveCfg = Debug|Any CPU
		{26C5F25F-B450-4CAF-AD8B-B8D11AE73457}.Debug|Mixed Platforms.Build.0 = Debug|Any CPU
		{26C5F25F-B450-4CAF-AD8B-B8D11AE73457}.Debug|x86.ActiveCfg = Debug|Any CPU
		{26C5F25F-B450-4CAF-AD8B-B8D11AE73457}.Release|Any CPU.ActiveCfg = Release|Any CPU
		{26C5F25F-B450-4CAF-AD8B-B8D11AE73457}.Release|Any CPU.Build.0 = Release|Any CPU
		{26C5F25F-B450-4CAF-AD8B-B8D11AE73457}.Release|Mixed Platforms.ActiveCfg = Release|Any CPU
		{26C5F25F-B450-4CAF-AD8B-B8D11AE73457}.Release|Mixed Platforms.Build.0 = Release|Any CPU
		{26C5F25F-B450-4CAF-AD8B-B8D11AE73457}.Release|x86.ActiveCfg = Release|Any CPU
		{73196D71-36C6-4CDD-B07A-D4689C12BCB8}.Debug|Any CPU.ActiveCfg = Debug|x86
		{73196D71-36C6-4CDD-B07A-D4689C12BCB8}.Debug|Mixed Platforms.ActiveCfg = Debug|x86
		{73196D71-36C6-4CDD-B07A-D4689C12BCB8}.Debug|Mixed Platforms.Build.0 = Debug|x86
		{73196D71-36C6-4CDD-B07A-D4689C12BCB8}.Debug|x86.ActiveCfg = Debug|x86
		{73196D71-36C6-4CDD-B07A-D4689C12BCB8}.Debug|x86.Build.0 = Debug|x86
		{73196D71-36C6-4CDD-B07A-D4689C12BCB8}.Release|Any CPU.ActiveCfg = Release|x86
		{73196D71-36C6-4CDD-B07A-D4689C12BCB8}.Release|Mixed Platforms.ActiveCfg = Release|x86
		{73196D71-36C6-4CDD-B07A-D4689C12BCB8}.Release|Mixed Platforms.Build.0 = Release|x86
		{73196D71-36C6-4CDD-B07A-D4689C12BCB8}.Release|x86.ActiveCfg = Release|x86
		{73196D71-36C6-4CDD-B07A-D4689C12BCB8}.Release|x86.Build.0 = Release|x86
	EndGlobalSection
	GlobalSection(SolutionProperties) = preSolution
		HideSolutionNode = FALSE
	EndGlobalSection
EndGlobal
